Microsoft Visual Studio Solution File, Format Version 12.00
# Visual Studio Version 17
VisualStudioVersion = 17.10.34916.146
MinimumVisualStudioVersion = 10.0.40219.1
Project("{9A19103F-16F7-4668-BE54-9A1E7A4F7556}") = "CloudProvisioningService", "CloudProvisioningService\CloudProvisioningService.csproj", "{C798B7BF-F613-4A24-8807-1EC60CEB0F94}"
EndProject
Project("{9A19103F-16F7-4668-BE54-9A1E7A4F7556}") = "ProvisioningFramework", "ProvisioningFramework\ProvisioningFramework.csproj", "{380E0F82-4E48-4D59-8B53-6971FA21D13C}"
EndProject
Project("{9A19103F-16F7-4668-BE54-9A1E7A4F7556}") = "ProvisioningAWS", "ProvisioningAWS\ProvisioningAWS.csproj", "{5531C71F-B67A-4181-83D7-64AB05BDCC8F}"
EndProject
Project("{9A19103F-16F7-4668-BE54-9A1E7A4F7556}") = "Tests", "Tests\Tests.csproj", "{A918FDCF-E2F8-4C22-97E4-32B6C6DBB5B8}"
EndProject
Project("{FAE04EC0-301F-11D3-BF4B-00C04F79EFBC}") = "AWSClient", "AWSClient\AWSClient.csproj", "{508EE72B-92F7-403A-A6AA-D1427B810800}"
EndProject
Project("{FAE04EC0-301F-11D3-BF4B-00C04F79EFBC}") = "AWSCommon", "AWSCommon\AWSCommon.csproj", "{62B3AE24-40B6-4F5A-8247-0E16298B3D6F}"
EndProject
Global
	GlobalSection(SolutionConfigurationPlatforms) = preSolution
		Debug|Any CPU = Debug|Any CPU
		Release|Any CPU = Release|Any CPU
	EndGlobalSection
	GlobalSection(ProjectConfigurationPlatforms) = postSolution
		{C798B7BF-F613-4A24-8807-1EC60CEB0F94}.Debug|Any CPU.ActiveCfg = Debug|Any CPU
		{C798B7BF-F613-4A24-8807-1EC60CEB0F94}.Debug|Any CPU.Build.0 = Debug|Any CPU
		{C798B7BF-F613-4A24-8807-1EC60CEB0F94}.Release|Any CPU.ActiveCfg = Release|Any CPU
		{C798B7BF-F613-4A24-8807-1EC60CEB0F94}.Release|Any CPU.Build.0 = Release|Any CPU
		{380E0F82-4E48-4D59-8B53-6971FA21D13C}.Debug|Any CPU.ActiveCfg = Debug|Any CPU
		{380E0F82-4E48-4D59-8B53-6971FA21D13C}.Debug|Any CPU.Build.0 = Debug|Any CPU
		{380E0F82-4E48-4D59-8B53-6971FA21D13C}.Release|Any CPU.ActiveCfg = Release|Any CPU
		{380E0F82-4E48-4D59-8B53-6971FA21D13C}.Release|Any CPU.Build.0 = Release|Any CPU
		{5531C71F-B67A-4181-83D7-64AB05BDCC8F}.Debug|Any CPU.ActiveCfg = Debug|Any CPU
		{5531C71F-B67A-4181-83D7-64AB05BDCC8F}.Debug|Any CPU.Build.0 = Debug|Any CPU
		{5531C71F-B67A-4181-83D7-64AB05BDCC8F}.Release|Any CPU.ActiveCfg = Release|Any CPU
		{5531C71F-B67A-4181-83D7-64AB05BDCC8F}.Release|Any CPU.Build.0 = Release|Any CPU
		{A918FDCF-E2F8-4C22-97E4-32B6C6DBB5B8}.Debug|Any CPU.ActiveCfg = Debug|Any CPU
		{A918FDCF-E2F8-4C22-97E4-32B6C6DBB5B8}.Debug|Any CPU.Build.0 = Debug|Any CPU
		{A918FDCF-E2F8-4C22-97E4-32B6C6DBB5B8}.Release|Any CPU.ActiveCfg = Release|Any CPU
		{A918FDCF-E2F8-4C22-97E4-32B6C6DBB5B8}.Release|Any CPU.Build.0 = Release|Any CPU
		{508EE72B-92F7-403A-A6AA-D1427B810800}.Debug|Any CPU.ActiveCfg = Debug|Any CPU
		{508EE72B-92F7-403A-A6AA-D1427B810800}.Debug|Any CPU.Build.0 = Debug|Any CPU
		{508EE72B-92F7-403A-A6AA-D1427B810800}.Release|Any CPU.ActiveCfg = Release|Any CPU
		{508EE72B-92F7-403A-A6AA-D1427B810800}.Release|Any CPU.Build.0 = Release|Any CPU
		{62B3AE24-40B6-4F5A-8247-0E16298B3D6F}.Debug|Any CPU.ActiveCfg = Debug|Any CPU
		{62B3AE24-40B6-4F5A-8247-0E16298B3D6F}.Debug|Any CPU.Build.0 = Debug|Any CPU
		{62B3AE24-40B6-4F5A-8247-0E16298B3D6F}.Release|Any CPU.ActiveCfg = Release|Any CPU
		{62B3AE24-40B6-4F5A-8247-0E16298B3D6F}.Release|Any CPU.Build.0 = Release|Any CPU
	EndGlobalSection
	GlobalSection(SolutionProperties) = preSolution
		HideSolutionNode = FALSE
	EndGlobalSection
	GlobalSection(ExtensibilityGlobals) = postSolution
		SolutionGuid = {14347F1E-654B-4398-B89F-66B0E65F9BFF}
	EndGlobalSection
EndGlobal
